// !$*UTF8*$!
{
	archiveVersion = 1;
	classes = {
	};
	objectVersion = 56;
	objects = {

/* Begin PBXBuildFile section */
		3306B1CC2C513C0A004FE488 /* PhysicsComponent.swift in Sources */ = {isa = PBXBuildFile; fileRef = 3306B1CB2C513C0A004FE488 /* PhysicsComponent.swift */; };
		3306B1D62C529B41004FE488 /* GhostEntity.swift in Sources */ = {isa = PBXBuildFile; fileRef = 3306B1D52C529B41004FE488 /* GhostEntity.swift */; };
		3306B1DA2C52A35B004FE488 /* GhostHealthy.swift in Sources */ = {isa = PBXBuildFile; fileRef = 3306B1D92C52A35B004FE488 /* GhostHealthy.swift */; };
		3306B1DE2C52A376004FE488 /* GhostDizzy.swift in Sources */ = {isa = PBXBuildFile; fileRef = 3306B1DD2C52A376004FE488 /* GhostDizzy.swift */; };
		3306B1E02C531EC2004FE488 /* GameScene+ContactDelegate.swift in Sources */ = {isa = PBXBuildFile; fileRef = 3306B1DF2C531EC2004FE488 /* GameScene+ContactDelegate.swift */; };
		3306B1E22C53200C004FE488 /* SKPhysicsMask.swift in Sources */ = {isa = PBXBuildFile; fileRef = 3306B1E12C53200C004FE488 /* SKPhysicsMask.swift */; };
		3306B1EA2C533C9E004FE488 /* DemiseComponent.swift in Sources */ = {isa = PBXBuildFile; fileRef = 3306B1E92C533C9E004FE488 /* DemiseComponent.swift */; };
		3306B1EC2C534081004FE488 /* CherryEntity.swift in Sources */ = {isa = PBXBuildFile; fileRef = 3306B1EB2C534081004FE488 /* CherryEntity.swift */; };
		3306B1F02C53D486004FE488 /* StateMachineComponent.swift in Sources */ = {isa = PBXBuildFile; fileRef = 3306B1EF2C53D486004FE488 /* StateMachineComponent.swift */; };
		3306B1F32C53E33F004FE488 /* Animation&Actions.swift in Sources */ = {isa = PBXBuildFile; fileRef = 3306B1F22C53E33F004FE488 /* Animation&Actions.swift */; };
		33EDD5602C4FFE7100880E83 /* SKEntityManager.swift in Sources */ = {isa = PBXBuildFile; fileRef = 33EDD55F2C4FFE7100880E83 /* SKEntityManager.swift */; };
		33EDD5632C50803200880E83 /* AnimationComponent.swift in Sources */ = {isa = PBXBuildFile; fileRef = 33EDD5622C50803200880E83 /* AnimationComponent.swift */; };
		33EDD5652C50804600880E83 /* MovementComponent.swift in Sources */ = {isa = PBXBuildFile; fileRef = 33EDD5642C50804600880E83 /* MovementComponent.swift */; };
		33EDD5682C50807C00880E83 /* SKTexture+Array.swift in Sources */ = {isa = PBXBuildFile; fileRef = 33EDD5672C50807C00880E83 /* SKTexture+Array.swift */; };
		33EDD56A2C50885A00880E83 /* PlayerEntity.swift in Sources */ = {isa = PBXBuildFile; fileRef = 33EDD5692C50885A00880E83 /* PlayerEntity.swift */; };
		33EDD56F2C5088C400880E83 /* PlayerRun.swift in Sources */ = {isa = PBXBuildFile; fileRef = 33EDD56E2C5088C400880E83 /* PlayerRun.swift */; };
		33EDD5712C5088D100880E83 /* PlayerIdle.swift in Sources */ = {isa = PBXBuildFile; fileRef = 33EDD5702C5088D100880E83 /* PlayerIdle.swift */; };
		BBE83C202C58F5350021FDF2 /* PlayerJump.swift in Sources */ = {isa = PBXBuildFile; fileRef = BBE83C1F2C58F5350021FDF2 /* PlayerJump.swift */; };
		BBE83C222C58F5C00021FDF2 /* JumpComponent.swift in Sources */ = {isa = PBXBuildFile; fileRef = BBE83C212C58F5C00021FDF2 /* JumpComponent.swift */; };
		CF17CFC12C52A5D500898033 /* Stage02_Tiles.sks in Resources */ = {isa = PBXBuildFile; fileRef = CF17CFC02C52A5D500898033 /* Stage02_Tiles.sks */; };
		CF17CFC32C52A7FE00898033 /* Level02.sks in Resources */ = {isa = PBXBuildFile; fileRef = CF17CFC22C52A7FE00898033 /* Level02.sks */; };
		CF4198632C481745000B3C50 /* AppDelegate.swift in Sources */ = {isa = PBXBuildFile; fileRef = CF4198622C481745000B3C50 /* AppDelegate.swift */; };
		CF4198652C481745000B3C50 /* GameScene.sks in Resources */ = {isa = PBXBuildFile; fileRef = CF4198642C481745000B3C50 /* GameScene.sks */; };
		CF4198692C481745000B3C50 /* GameScene.swift in Sources */ = {isa = PBXBuildFile; fileRef = CF4198682C481745000B3C50 /* GameScene.swift */; };
		CF41986B2C481745000B3C50 /* GameViewController.swift in Sources */ = {isa = PBXBuildFile; fileRef = CF41986A2C481745000B3C50 /* GameViewController.swift */; };
		CF41986E2C481745000B3C50 /* Main.storyboard in Resources */ = {isa = PBXBuildFile; fileRef = CF41986C2C481745000B3C50 /* Main.storyboard */; };
		CF4198702C481746000B3C50 /* Assets.xcassets in Resources */ = {isa = PBXBuildFile; fileRef = CF41986F2C481746000B3C50 /* Assets.xcassets */; };
		CF4198732C481746000B3C50 /* LaunchScreen.storyboard in Resources */ = {isa = PBXBuildFile; fileRef = CF4198712C481746000B3C50 /* LaunchScreen.storyboard */; };
		CFDBAF632C53DE4C00176E7C /* TilesEntity.swift in Sources */ = {isa = PBXBuildFile; fileRef = CFDBAF622C53DE4C00176E7C /* TilesEntity.swift */; };
		CFDBAF652C53F5A500176E7C /* GroundEntity.swift in Sources */ = {isa = PBXBuildFile; fileRef = CFDBAF642C53F5A500176E7C /* GroundEntity.swift */; };
		CFDBAF672C53FA8700176E7C /* SKTileMapNode+Tools.swift in Sources */ = {isa = PBXBuildFile; fileRef = CFDBAF662C53FA8700176E7C /* SKTileMapNode+Tools.swift */; };
/* End PBXBuildFile section */

/* Begin PBXFileReference section */
		3306B1CB2C513C0A004FE488 /* PhysicsComponent.swift */ = {isa = PBXFileReference; lastKnownFileType = sourcecode.swift; path = PhysicsComponent.swift; sourceTree = "<group>"; };
		3306B1D52C529B41004FE488 /* GhostEntity.swift */ = {isa = PBXFileReference; lastKnownFileType = sourcecode.swift; path = GhostEntity.swift; sourceTree = "<group>"; };
		3306B1D92C52A35B004FE488 /* GhostHealthy.swift */ = {isa = PBXFileReference; lastKnownFileType = sourcecode.swift; path = GhostHealthy.swift; sourceTree = "<group>"; };
		3306B1DD2C52A376004FE488 /* GhostDizzy.swift */ = {isa = PBXFileReference; lastKnownFileType = sourcecode.swift; path = GhostDizzy.swift; sourceTree = "<group>"; };
		3306B1DF2C531EC2004FE488 /* GameScene+ContactDelegate.swift */ = {isa = PBXFileReference; lastKnownFileType = sourcecode.swift; path = "GameScene+ContactDelegate.swift"; sourceTree = "<group>"; };
		3306B1E12C53200C004FE488 /* SKPhysicsMask.swift */ = {isa = PBXFileReference; lastKnownFileType = sourcecode.swift; path = SKPhysicsMask.swift; sourceTree = "<group>"; };
		3306B1E92C533C9E004FE488 /* DemiseComponent.swift */ = {isa = PBXFileReference; lastKnownFileType = sourcecode.swift; path = DemiseComponent.swift; sourceTree = "<group>"; };
		3306B1EB2C534081004FE488 /* CherryEntity.swift */ = {isa = PBXFileReference; lastKnownFileType = sourcecode.swift; path = CherryEntity.swift; sourceTree = "<group>"; };
		3306B1EF2C53D486004FE488 /* StateMachineComponent.swift */ = {isa = PBXFileReference; lastKnownFileType = sourcecode.swift; path = StateMachineComponent.swift; sourceTree = "<group>"; };
		3306B1F22C53E33F004FE488 /* Animation&Actions.swift */ = {isa = PBXFileReference; lastKnownFileType = sourcecode.swift; path = "Animation&Actions.swift"; sourceTree = "<group>"; };
		33EDD55F2C4FFE7100880E83 /* SKEntityManager.swift */ = {isa = PBXFileReference; lastKnownFileType = sourcecode.swift; path = SKEntityManager.swift; sourceTree = "<group>"; };
		33EDD5622C50803200880E83 /* AnimationComponent.swift */ = {isa = PBXFileReference; lastKnownFileType = sourcecode.swift; path = AnimationComponent.swift; sourceTree = "<group>"; };
		33EDD5642C50804600880E83 /* MovementComponent.swift */ = {isa = PBXFileReference; lastKnownFileType = sourcecode.swift; path = MovementComponent.swift; sourceTree = "<group>"; };
		33EDD5672C50807C00880E83 /* SKTexture+Array.swift */ = {isa = PBXFileReference; lastKnownFileType = sourcecode.swift; path = "SKTexture+Array.swift"; sourceTree = "<group>"; };
		33EDD5692C50885A00880E83 /* PlayerEntity.swift */ = {isa = PBXFileReference; lastKnownFileType = sourcecode.swift; path = PlayerEntity.swift; sourceTree = "<group>"; };
		33EDD56E2C5088C400880E83 /* PlayerRun.swift */ = {isa = PBXFileReference; lastKnownFileType = sourcecode.swift; path = PlayerRun.swift; sourceTree = "<group>"; };
		33EDD5702C5088D100880E83 /* PlayerIdle.swift */ = {isa = PBXFileReference; lastKnownFileType = sourcecode.swift; path = PlayerIdle.swift; sourceTree = "<group>"; };
		BBE83C1F2C58F5350021FDF2 /* PlayerJump.swift */ = {isa = PBXFileReference; lastKnownFileType = sourcecode.swift; path = PlayerJump.swift; sourceTree = "<group>"; };
		BBE83C212C58F5C00021FDF2 /* JumpComponent.swift */ = {isa = PBXFileReference; lastKnownFileType = sourcecode.swift; path = JumpComponent.swift; sourceTree = "<group>"; };
		CF17CFC02C52A5D500898033 /* Stage02_Tiles.sks */ = {isa = PBXFileReference; lastKnownFileType = file.sks; path = Stage02_Tiles.sks; sourceTree = "<group>"; };
		CF17CFC22C52A7FE00898033 /* Level02.sks */ = {isa = PBXFileReference; lastKnownFileType = file.sks; path = Level02.sks; sourceTree = "<group>"; };
		CF41985F2C481745000B3C50 /* Tokyo.app */ = {isa = PBXFileReference; explicitFileType = wrapper.application; includeInIndex = 0; path = Tokyo.app; sourceTree = BUILT_PRODUCTS_DIR; };
		CF4198622C481745000B3C50 /* AppDelegate.swift */ = {isa = PBXFileReference; lastKnownFileType = sourcecode.swift; path = AppDelegate.swift; sourceTree = "<group>"; };
		CF4198642C481745000B3C50 /* GameScene.sks */ = {isa = PBXFileReference; lastKnownFileType = file.sks; path = GameScene.sks; sourceTree = "<group>"; };
		CF4198682C481745000B3C50 /* GameScene.swift */ = {isa = PBXFileReference; lastKnownFileType = sourcecode.swift; path = GameScene.swift; sourceTree = "<group>"; };
		CF41986A2C481745000B3C50 /* GameViewController.swift */ = {isa = PBXFileReference; lastKnownFileType = sourcecode.swift; path = GameViewController.swift; sourceTree = "<group>"; };
		CF41986D2C481745000B3C50 /* Base */ = {isa = PBXFileReference; lastKnownFileType = file.storyboard; name = Base; path = Base.lproj/Main.storyboard; sourceTree = "<group>"; };
		CF41986F2C481746000B3C50 /* Assets.xcassets */ = {isa = PBXFileReference; lastKnownFileType = folder.assetcatalog; path = Assets.xcassets; sourceTree = "<group>"; };
		CF4198722C481746000B3C50 /* Base */ = {isa = PBXFileReference; lastKnownFileType = file.storyboard; name = Base; path = Base.lproj/LaunchScreen.storyboard; sourceTree = "<group>"; };
		CFDBAF622C53DE4C00176E7C /* TilesEntity.swift */ = {isa = PBXFileReference; lastKnownFileType = sourcecode.swift; path = TilesEntity.swift; sourceTree = "<group>"; };
		CFDBAF642C53F5A500176E7C /* GroundEntity.swift */ = {isa = PBXFileReference; lastKnownFileType = sourcecode.swift; path = GroundEntity.swift; sourceTree = "<group>"; };
		CFDBAF662C53FA8700176E7C /* SKTileMapNode+Tools.swift */ = {isa = PBXFileReference; lastKnownFileType = sourcecode.swift; path = "SKTileMapNode+Tools.swift"; sourceTree = "<group>"; };
/* End PBXFileReference section */

/* Begin PBXFrameworksBuildPhase section */
		CF41985C2C481745000B3C50 /* Frameworks */ = {
			isa = PBXFrameworksBuildPhase;
			buildActionMask = 2147483647;
			files = (
			);
			runOnlyForDeploymentPostprocessing = 0;
		};
/* End PBXFrameworksBuildPhase section */

/* Begin PBXGroup section */
		3306B1F12C53E326004FE488 /* Animation */ = {
			isa = PBXGroup;
			children = (
				3306B1F22C53E33F004FE488 /* Animation&Actions.swift */,
			);
			path = Animation;
			sourceTree = "<group>";
		};
		33EDD55C2C4FF7CC00880E83 /* Entity */ = {
			isa = PBXGroup;
			children = (
				33EDD55F2C4FFE7100880E83 /* SKEntityManager.swift */,
				33EDD5692C50885A00880E83 /* PlayerEntity.swift */,
				3306B1D52C529B41004FE488 /* GhostEntity.swift */,
				3306B1EB2C534081004FE488 /* CherryEntity.swift */,
				CFDBAF622C53DE4C00176E7C /* TilesEntity.swift */,
				CFDBAF642C53F5A500176E7C /* GroundEntity.swift */,
			);
			path = Entity;
			sourceTree = "<group>";
		};
		33EDD5612C50801900880E83 /* Components */ = {
			isa = PBXGroup;
			children = (
				33EDD5622C50803200880E83 /* AnimationComponent.swift */,
				33EDD5642C50804600880E83 /* MovementComponent.swift */,
				3306B1CB2C513C0A004FE488 /* PhysicsComponent.swift */,
				3306B1E92C533C9E004FE488 /* DemiseComponent.swift */,
				3306B1EF2C53D486004FE488 /* StateMachineComponent.swift */,
				BBE83C212C58F5C00021FDF2 /* JumpComponent.swift */,
			);
			path = Components;
			sourceTree = "<group>";
		};
		33EDD5662C50806C00880E83 /* Tools */ = {
			isa = PBXGroup;
			children = (
				33EDD5672C50807C00880E83 /* SKTexture+Array.swift */,
				3306B1E12C53200C004FE488 /* SKPhysicsMask.swift */,
				CFDBAF662C53FA8700176E7C /* SKTileMapNode+Tools.swift */,
			);
			path = Tools;
			sourceTree = "<group>";
		};
		33EDD56B2C50888F00880E83 /* States */ = {
			isa = PBXGroup;
			children = (
				33EDD56E2C5088C400880E83 /* PlayerRun.swift */,
				33EDD5702C5088D100880E83 /* PlayerIdle.swift */,
				3306B1D92C52A35B004FE488 /* GhostHealthy.swift */,
				3306B1DD2C52A376004FE488 /* GhostDizzy.swift */,
				BBE83C1F2C58F5350021FDF2 /* PlayerJump.swift */,
			);
			path = States;
			sourceTree = "<group>";
		};
		CF17CFBF2C52A56900898033 /* Stage02 */ = {
			isa = PBXGroup;
			children = (
				CF17CFC02C52A5D500898033 /* Stage02_Tiles.sks */,
				CF17CFC22C52A7FE00898033 /* Level02.sks */,
			);
			path = Stage02;
			sourceTree = "<group>";
		};
		CF4198562C481745000B3C50 = {
			isa = PBXGroup;
			children = (
				CF4198612C481745000B3C50 /* Tokyo */,
				CF4198602C481745000B3C50 /* Products */,
			);
			sourceTree = "<group>";
		};
		CF4198602C481745000B3C50 /* Products */ = {
			isa = PBXGroup;
			children = (
				CF41985F2C481745000B3C50 /* Tokyo.app */,
			);
			name = Products;
			sourceTree = "<group>";
		};
		CF4198612C481745000B3C50 /* Tokyo */ = {
			isa = PBXGroup;
			children = (
				3306B1F12C53E326004FE488 /* Animation */,
				CF17CFBF2C52A56900898033 /* Stage02 */,
				33EDD56B2C50888F00880E83 /* States */,
				33EDD5662C50806C00880E83 /* Tools */,
				33EDD5612C50801900880E83 /* Components */,
				33EDD55C2C4FF7CC00880E83 /* Entity */,
				CF4198622C481745000B3C50 /* AppDelegate.swift */,
				CF4198642C481745000B3C50 /* GameScene.sks */,
				CF4198682C481745000B3C50 /* GameScene.swift */,
				CF41986A2C481745000B3C50 /* GameViewController.swift */,
				CF41986C2C481745000B3C50 /* Main.storyboard */,
				CF41986F2C481746000B3C50 /* Assets.xcassets */,
				CF4198712C481746000B3C50 /* LaunchScreen.storyboard */,
				3306B1DF2C531EC2004FE488 /* GameScene+ContactDelegate.swift */,
			);
			path = Tokyo;
			sourceTree = "<group>";
		};
/* End PBXGroup section */

/* Begin PBXNativeTarget section */
		CF41985E2C481745000B3C50 /* Tokyo */ = {
			isa = PBXNativeTarget;
			buildConfigurationList = CF4198762C481746000B3C50 /* Build configuration list for PBXNativeTarget "Tokyo" */;
			buildPhases = (
				CF41985B2C481745000B3C50 /* Sources */,
				CF41985C2C481745000B3C50 /* Frameworks */,
				CF41985D2C481745000B3C50 /* Resources */,
			);
			buildRules = (
			);
			dependencies = (
			);
			name = Tokyo;
			productName = Tokyo;
			productReference = CF41985F2C481745000B3C50 /* Tokyo.app */;
			productType = "com.apple.product-type.application";
		};
/* End PBXNativeTarget section */

/* Begin PBXProject section */
		CF4198572C481745000B3C50 /* Project object */ = {
			isa = PBXProject;
			attributes = {
				BuildIndependentTargetsInParallel = 1;
				LastSwiftUpdateCheck = 1520;
				LastUpgradeCheck = 1520;
				TargetAttributes = {
					CF41985E2C481745000B3C50 = {
						CreatedOnToolsVersion = 15.2;
					};
				};
			};
			buildConfigurationList = CF41985A2C481745000B3C50 /* Build configuration list for PBXProject "Tokyo" */;
			compatibilityVersion = "Xcode 14.0";
			developmentRegion = en;
			hasScannedForEncodings = 0;
			knownRegions = (
				en,
				Base,
			);
			mainGroup = CF4198562C481745000B3C50;
			productRefGroup = CF4198602C481745000B3C50 /* Products */;
			projectDirPath = "";
			projectRoot = "";
			targets = (
				CF41985E2C481745000B3C50 /* Tokyo */,
			);
		};
/* End PBXProject section */

/* Begin PBXResourcesBuildPhase section */
		CF41985D2C481745000B3C50 /* Resources */ = {
			isa = PBXResourcesBuildPhase;
			buildActionMask = 2147483647;
			files = (
				CF17CFC32C52A7FE00898033 /* Level02.sks in Resources */,
				CF41986E2C481745000B3C50 /* Main.storyboard in Resources */,
				CF4198652C481745000B3C50 /* GameScene.sks in Resources */,
				CF4198702C481746000B3C50 /* Assets.xcassets in Resources */,
				CF17CFC12C52A5D500898033 /* Stage02_Tiles.sks in Resources */,
				CF4198732C481746000B3C50 /* LaunchScreen.storyboard in Resources */,
			);
			runOnlyForDeploymentPostprocessing = 0;
		};
/* End PBXResourcesBuildPhase section */

/* Begin PBXSourcesBuildPhase section */
		CF41985B2C481745000B3C50 /* Sources */ = {
			isa = PBXSourcesBuildPhase;
			buildActionMask = 2147483647;
			files = (
				33EDD5632C50803200880E83 /* AnimationComponent.swift in Sources */,
				3306B1F32C53E33F004FE488 /* Animation&Actions.swift in Sources */,
				33EDD5682C50807C00880E83 /* SKTexture+Array.swift in Sources */,
				3306B1D62C529B41004FE488 /* GhostEntity.swift in Sources */,
				3306B1DA2C52A35B004FE488 /* GhostHealthy.swift in Sources */,
				3306B1EA2C533C9E004FE488 /* DemiseComponent.swift in Sources */,
				3306B1DE2C52A376004FE488 /* GhostDizzy.swift in Sources */,
				CFDBAF632C53DE4C00176E7C /* TilesEntity.swift in Sources */,
				CFDBAF652C53F5A500176E7C /* GroundEntity.swift in Sources */,
				33EDD5712C5088D100880E83 /* PlayerIdle.swift in Sources */,
				BBE83C222C58F5C00021FDF2 /* JumpComponent.swift in Sources */,
				33EDD5652C50804600880E83 /* MovementComponent.swift in Sources */,
				CF4198692C481745000B3C50 /* GameScene.swift in Sources */,
				CF41986B2C481745000B3C50 /* GameViewController.swift in Sources */,
				CFDBAF672C53FA8700176E7C /* SKTileMapNode+Tools.swift in Sources */,
				3306B1CC2C513C0A004FE488 /* PhysicsComponent.swift in Sources */,
				3306B1F02C53D486004FE488 /* StateMachineComponent.swift in Sources */,
				BBE83C202C58F5350021FDF2 /* PlayerJump.swift in Sources */,
				33EDD56A2C50885A00880E83 /* PlayerEntity.swift in Sources */,
				3306B1E22C53200C004FE488 /* SKPhysicsMask.swift in Sources */,
				3306B1EC2C534081004FE488 /* CherryEntity.swift in Sources */,
				3306B1E02C531EC2004FE488 /* GameScene+ContactDelegate.swift in Sources */,
				33EDD5602C4FFE7100880E83 /* SKEntityManager.swift in Sources */,
				33EDD56F2C5088C400880E83 /* PlayerRun.swift in Sources */,
				CF4198632C481745000B3C50 /* AppDelegate.swift in Sources */,
			);
			runOnlyForDeploymentPostprocessing = 0;
		};
/* End PBXSourcesBuildPhase section */

/* Begin PBXVariantGroup section */
		CF41986C2C481745000B3C50 /* Main.storyboard */ = {
			isa = PBXVariantGroup;
			children = (
				CF41986D2C481745000B3C50 /* Base */,
			);
			name = Main.storyboard;
			sourceTree = "<group>";
		};
		CF4198712C481746000B3C50 /* LaunchScreen.storyboard */ = {
			isa = PBXVariantGroup;
			children = (
				CF4198722C481746000B3C50 /* Base */,
			);
			name = LaunchScreen.storyboard;
			sourceTree = "<group>";
		};
/* End PBXVariantGroup section */

/* Begin XCBuildConfiguration section */
		CF4198742C481746000B3C50 /* Debug */ = {
			isa = XCBuildConfiguration;
			buildSettings = {
				ALWAYS_SEARCH_USER_PATHS = NO;
				ASSETCATALOG_COMPILER_GENERATE_SWIFT_ASSET_SYMBOL_EXTENSIONS = YES;
				CLANG_ANALYZER_NONNULL = YES;
				CLANG_ANALYZER_NUMBER_OBJECT_CONVERSION = YES_AGGRESSIVE;
				CLANG_CXX_LANGUAGE_STANDARD = "gnu++20";
				CLANG_ENABLE_MODULES = YES;
				CLANG_ENABLE_OBJC_ARC = YES;
				CLANG_ENABLE_OBJC_WEAK = YES;
				CLANG_WARN_BLOCK_CAPTURE_AUTORELEASING = YES;
				CLANG_WARN_BOOL_CONVERSION = YES;
				CLANG_WARN_COMMA = YES;
				CLANG_WARN_CONSTANT_CONVERSION = YES;
				CLANG_WARN_DEPRECATED_OBJC_IMPLEMENTATIONS = YES;
				CLANG_WARN_DIRECT_OBJC_ISA_USAGE = YES_ERROR;
				CLANG_WARN_DOCUMENTATION_COMMENTS = YES;
				CLANG_WARN_EMPTY_BODY = YES;
				CLANG_WARN_ENUM_CONVERSION = YES;
				CLANG_WARN_INFINITE_RECURSION = YES;
				CLANG_WARN_INT_CONVERSION = YES;
				CLANG_WARN_NON_LITERAL_NULL_CONVERSION = YES;
				CLANG_WARN_OBJC_IMPLICIT_RETAIN_SELF = YES;
				CLANG_WARN_OBJC_LITERAL_CONVERSION = YES;
				CLANG_WARN_OBJC_ROOT_CLASS = YES_ERROR;
				CLANG_WARN_QUOTED_INCLUDE_IN_FRAMEWORK_HEADER = YES;
				CLANG_WARN_RANGE_LOOP_ANALYSIS = YES;
				CLANG_WARN_STRICT_PROTOTYPES = YES;
				CLANG_WARN_SUSPICIOUS_MOVE = YES;
				CLANG_WARN_UNGUARDED_AVAILABILITY = YES_AGGRESSIVE;
				CLANG_WARN_UNREACHABLE_CODE = YES;
				CLANG_WARN__DUPLICATE_METHOD_MATCH = YES;
				COPY_PHASE_STRIP = NO;
				DEBUG_INFORMATION_FORMAT = dwarf;
				ENABLE_STRICT_OBJC_MSGSEND = YES;
				ENABLE_TESTABILITY = YES;
				ENABLE_USER_SCRIPT_SANDBOXING = YES;
				GCC_C_LANGUAGE_STANDARD = gnu17;
				GCC_DYNAMIC_NO_PIC = NO;
				GCC_NO_COMMON_BLOCKS = YES;
				GCC_OPTIMIZATION_LEVEL = 0;
				GCC_PREPROCESSOR_DEFINITIONS = (
					"DEBUG=1",
					"$(inherited)",
				);
				GCC_WARN_64_TO_32_BIT_CONVERSION = YES;
				GCC_WARN_ABOUT_RETURN_TYPE = YES_ERROR;
				GCC_WARN_UNDECLARED_SELECTOR = YES;
				GCC_WARN_UNINITIALIZED_AUTOS = YES_AGGRESSIVE;
				GCC_WARN_UNUSED_FUNCTION = YES;
				GCC_WARN_UNUSED_VARIABLE = YES;
				IPHONEOS_DEPLOYMENT_TARGET = 17.2;
				LOCALIZATION_PREFERS_STRING_CATALOGS = YES;
				MTL_ENABLE_DEBUG_INFO = INCLUDE_SOURCE;
				MTL_FAST_MATH = YES;
				ONLY_ACTIVE_ARCH = YES;
				SDKROOT = iphoneos;
				SWIFT_ACTIVE_COMPILATION_CONDITIONS = "DEBUG $(inherited)";
				SWIFT_OPTIMIZATION_LEVEL = "-Onone";
			};
			name = Debug;
		};
		CF4198752C481746000B3C50 /* Release */ = {
			isa = XCBuildConfiguration;
			buildSettings = {
				ALWAYS_SEARCH_USER_PATHS = NO;
				ASSETCATALOG_COMPILER_GENERATE_SWIFT_ASSET_SYMBOL_EXTENSIONS = YES;
				CLANG_ANALYZER_NONNULL = YES;
				CLANG_ANALYZER_NUMBER_OBJECT_CONVERSION = YES_AGGRESSIVE;
				CLANG_CXX_LANGUAGE_STANDARD = "gnu++20";
				CLANG_ENABLE_MODULES = YES;
				CLANG_ENABLE_OBJC_ARC = YES;
				CLANG_ENABLE_OBJC_WEAK = YES;
				CLANG_WARN_BLOCK_CAPTURE_AUTORELEASING = YES;
				CLANG_WARN_BOOL_CONVERSION = YES;
				CLANG_WARN_COMMA = YES;
				CLANG_WARN_CONSTANT_CONVERSION = YES;
				CLANG_WARN_DEPRECATED_OBJC_IMPLEMENTATIONS = YES;
				CLANG_WARN_DIRECT_OBJC_ISA_USAGE = YES_ERROR;
				CLANG_WARN_DOCUMENTATION_COMMENTS = YES;
				CLANG_WARN_EMPTY_BODY = YES;
				CLANG_WARN_ENUM_CONVERSION = YES;
				CLANG_WARN_INFINITE_RECURSION = YES;
				CLANG_WARN_INT_CONVERSION = YES;
				CLANG_WARN_NON_LITERAL_NULL_CONVERSION = YES;
				CLANG_WARN_OBJC_IMPLICIT_RETAIN_SELF = YES;
				CLANG_WARN_OBJC_LITERAL_CONVERSION = YES;
				CLANG_WARN_OBJC_ROOT_CLASS = YES_ERROR;
				CLANG_WARN_QUOTED_INCLUDE_IN_FRAMEWORK_HEADER = YES;
				CLANG_WARN_RANGE_LOOP_ANALYSIS = YES;
				CLANG_WARN_STRICT_PROTOTYPES = YES;
				CLANG_WARN_SUSPICIOUS_MOVE = YES;
				CLANG_WARN_UNGUARDED_AVAILABILITY = YES_AGGRESSIVE;
				CLANG_WARN_UNREACHABLE_CODE = YES;
				CLANG_WARN__DUPLICATE_METHOD_MATCH = YES;
				COPY_PHASE_STRIP = NO;
				DEBUG_INFORMATION_FORMAT = "dwarf-with-dsym";
				ENABLE_NS_ASSERTIONS = NO;
				ENABLE_STRICT_OBJC_MSGSEND = YES;
				ENABLE_USER_SCRIPT_SANDBOXING = YES;
				GCC_C_LANGUAGE_STANDARD = gnu17;
				GCC_NO_COMMON_BLOCKS = YES;
				GCC_WARN_64_TO_32_BIT_CONVERSION = YES;
				GCC_WARN_ABOUT_RETURN_TYPE = YES_ERROR;
				GCC_WARN_UNDECLARED_SELECTOR = YES;
				GCC_WARN_UNINITIALIZED_AUTOS = YES_AGGRESSIVE;
				GCC_WARN_UNUSED_FUNCTION = YES;
				GCC_WARN_UNUSED_VARIABLE = YES;
				IPHONEOS_DEPLOYMENT_TARGET = 17.2;
				LOCALIZATION_PREFERS_STRING_CATALOGS = YES;
				MTL_ENABLE_DEBUG_INFO = NO;
				MTL_FAST_MATH = YES;
				SDKROOT = iphoneos;
				SWIFT_COMPILATION_MODE = wholemodule;
				VALIDATE_PRODUCT = YES;
			};
			name = Release;
		};
		CF4198772C481746000B3C50 /* Debug */ = {
			isa = XCBuildConfiguration;
			buildSettings = {
				ASSETCATALOG_COMPILER_APPICON_NAME = AppIcon;
				ASSETCATALOG_COMPILER_GLOBAL_ACCENT_COLOR_NAME = AccentColor;
				CODE_SIGN_STYLE = Automatic;
				CURRENT_PROJECT_VERSION = 1;
				DEVELOPMENT_TEAM = A887TW3BVK;
				GENERATE_INFOPLIST_FILE = YES;
				INFOPLIST_KEY_UIApplicationSupportsIndirectInputEvents = YES;
				INFOPLIST_KEY_UILaunchStoryboardName = LaunchScreen;
				INFOPLIST_KEY_UIMainStoryboardFile = Main;
				INFOPLIST_KEY_UIStatusBarHidden = YES;
				INFOPLIST_KEY_UISupportedInterfaceOrientations = "UIInterfaceOrientationLandscapeRight UIInterfaceOrientationPortrait";
				INFOPLIST_KEY_UISupportedInterfaceOrientations_iPad = "UIInterfaceOrientationLandscapeLeft UIInterfaceOrientationLandscapeRight UIInterfaceOrientationPortrait UIInterfaceOrientationPortraitUpsideDown";
				LD_RUNPATH_SEARCH_PATHS = (
					"$(inherited)",
					"@executable_path/Frameworks",
				);
				MARKETING_VERSION = 1.0;
				PRODUCT_BUNDLE_IDENTIFIER = mooncat.Tokyo;
				PRODUCT_NAME = "$(TARGET_NAME)";
				SWIFT_EMIT_LOC_STRINGS = YES;
				SWIFT_VERSION = 5.0;
				TARGETED_DEVICE_FAMILY = "1,2";
			};
			name = Debug;
		};
		CF4198782C481746000B3C50 /* Release */ = {
			isa = XCBuildConfiguration;
			buildSettings = {
				ASSETCATALOG_COMPILER_APPICON_NAME = AppIcon;
				ASSETCATALOG_COMPILER_GLOBAL_ACCENT_COLOR_NAME = AccentColor;
				CODE_SIGN_STYLE = Automatic;
				CURRENT_PROJECT_VERSION = 1;
				DEVELOPMENT_TEAM = A887TW3BVK;
				GENERATE_INFOPLIST_FILE = YES;
				INFOPLIST_KEY_UIApplicationSupportsIndirectInputEvents = YES;
				INFOPLIST_KEY_UILaunchStoryboardName = LaunchScreen;
				INFOPLIST_KEY_UIMainStoryboardFile = Main;
				INFOPLIST_KEY_UIStatusBarHidden = YES;
				INFOPLIST_KEY_UISupportedInterfaceOrientations = "UIInterfaceOrientationLandscapeRight UIInterfaceOrientationPortrait";
				INFOPLIST_KEY_UISupportedInterfaceOrientations_iPad = "UIInterfaceOrientationLandscapeLeft UIInterfaceOrientationLandscapeRight UIInterfaceOrientationPortrait UIInterfaceOrientationPortraitUpsideDown";
				LD_RUNPATH_SEARCH_PATHS = (
					"$(inherited)",
					"@executable_path/Frameworks",
				);
				MARKETING_VERSION = 1.0;
				PRODUCT_BUNDLE_IDENTIFIER = mooncat.Tokyo;
				PRODUCT_NAME = "$(TARGET_NAME)";
				SWIFT_EMIT_LOC_STRINGS = YES;
				SWIFT_VERSION = 5.0;
				TARGETED_DEVICE_FAMILY = "1,2";
			};
			name = Release;
		};
/* End XCBuildConfiguration section */

/* Begin XCConfigurationList section */
		CF41985A2C481745000B3C50 /* Build configuration list for PBXProject "Tokyo" */ = {
			isa = XCConfigurationList;
			buildConfigurations = (
				CF4198742C481746000B3C50 /* Debug */,
				CF4198752C481746000B3C50 /* Release */,
			);
			defaultConfigurationIsVisible = 0;
			defaultConfigurationName = Release;
		};
		CF4198762C481746000B3C50 /* Build configuration list for PBXNativeTarget "Tokyo" */ = {
			isa = XCConfigurationList;
			buildConfigurations = (
				CF4198772C481746000B3C50 /* Debug */,
				CF4198782C481746000B3C50 /* Release */,
			);
			defaultConfigurationIsVisible = 0;
			defaultConfigurationName = Release;
		};
/* End XCConfigurationList section */
	};
	rootObject = CF4198572C481745000B3C50 /* Project object */;
}
